
Microsoft Visual Studio Solution File, Format Version 12.00
Project("{FAE04EC0-301F-11D3-BF4B-00C04F79EFBC}") = "csharp-console", "csharp-console\csharp-console.csproj", "{D2187404-3F04-488F-82B8-38D4E703ED42}"
EndProject
Project("{2150E333-8FDC-42A3-9474-1A3956D46DE8}") = "src", "src", "{A74AC05D-52CD-4456-88FC-79EFDF0AE2A0}"
EndProject
Project("{2150E333-8FDC-42A3-9474-1A3956D46DE8}") = "Hands-On", "Hands-On", "{F67F2474-35B1-46CB-968D-B9F3CD38C562}"
EndProject
Project("{2150E333-8FDC-42A3-9474-1A3956D46DE8}") = "Functions", "Functions", "{9BF8DC5E-9256-4F7E-B101-2617E033A6EA}"
EndProject
Project("{2150E333-8FDC-42A3-9474-1A3956D46DE8}") = "DataStructures", "DataStructures", "{D2687F0B-7615-409B-9E8F-AE2AD8AB565A}"
EndProject
Project("{2150E333-8FDC-42A3-9474-1A3956D46DE8}") = "ControlStructures", "ControlStructures", "{ED54C996-B2E4-4F6A-8296-856EDB29D17A}"
EndProject
Project("{FAE04EC0-301F-11D3-BF4B-00C04F79EFBC}") = "FunctionConsole", "FunctionConsole\FunctionConsole.csproj", "{7EEE0BA9-CC35-496F-8177-DF3B2C16C517}"
EndProject
Global
	GlobalSection(SolutionConfigurationPlatforms) = preSolution
		Debug|Any CPU = Debug|Any CPU
		Release|Any CPU = Release|Any CPU
	EndGlobalSection
	GlobalSection(ProjectConfigurationPlatforms) = postSolution
		{D2187404-3F04-488F-82B8-38D4E703ED42}.Debug|Any CPU.ActiveCfg = Debug|Any CPU
		{D2187404-3F04-488F-82B8-38D4E703ED42}.Debug|Any CPU.Build.0 = Debug|Any CPU
		{D2187404-3F04-488F-82B8-38D4E703ED42}.Release|Any CPU.ActiveCfg = Release|Any CPU
		{D2187404-3F04-488F-82B8-38D4E703ED42}.Release|Any CPU.Build.0 = Release|Any CPU
		{7EEE0BA9-CC35-496F-8177-DF3B2C16C517}.Debug|Any CPU.ActiveCfg = Debug|Any CPU
		{7EEE0BA9-CC35-496F-8177-DF3B2C16C517}.Debug|Any CPU.Build.0 = Debug|Any CPU
		{7EEE0BA9-CC35-496F-8177-DF3B2C16C517}.Release|Any CPU.ActiveCfg = Release|Any CPU
		{7EEE0BA9-CC35-496F-8177-DF3B2C16C517}.Release|Any CPU.Build.0 = Release|Any CPU
	EndGlobalSection
	GlobalSection(NestedProjects) = preSolution
		{F67F2474-35B1-46CB-968D-B9F3CD38C562} = {A74AC05D-52CD-4456-88FC-79EFDF0AE2A0}
		{9BF8DC5E-9256-4F7E-B101-2617E033A6EA} = {A74AC05D-52CD-4456-88FC-79EFDF0AE2A0}
		{D2687F0B-7615-409B-9E8F-AE2AD8AB565A} = {A74AC05D-52CD-4456-88FC-79EFDF0AE2A0}
		{ED54C996-B2E4-4F6A-8296-856EDB29D17A} = {A74AC05D-52CD-4456-88FC-79EFDF0AE2A0}
		{7EEE0BA9-CC35-496F-8177-DF3B2C16C517} = {9BF8DC5E-9256-4F7E-B101-2617E033A6EA}
	EndGlobalSection
EndGlobal
